{
  "name": "11_install-my-NPM-Package",
  "lockfileVersion": 3,
  "requires": true,
  "packages": {
    "": {
      "dependencies": {
        "wcounterx": "^1.0.1"
      }
    },
    "node_modules/wcounterx": {
      "version": "1.0.1",
      "resolved": "https://registry.npmjs.org/wcounterx/-/wcounterx-1.0.1.tgz",
      "integrity": "sha512-m6wJdmISRVt9t4b5eVFKqU1p/b++c9w8Z4rHziPzN6Hnn0ZMVmK9nGfWfmbk/GruylFOC3e8/550u2AuryaiKw==",
      "bin": {
        "wcounterx": "bin/index.js"
      }
    }
  }
}
