{
  "name": "first-maths",
  "lockfileVersion": 3,
  "requires": true,
  "packages": {
    "": {
      "dependencies": {
        "first-maths": "^1.0.1"
      }
    },
    "node_modules/first-maths": {
      "version": "1.0.1",
      "resolved": "https://registry.npmjs.org/first-maths/-/first-maths-1.0.1.tgz",
      "integrity": "sha512-nN2TvZIOtKnsFWOPSeSIE2+0ph8GttV1wIwfG2o2Eoa/FRGyVurCw2oZR351ZvNZUwHn9LOfEaJZ1YztPeAPkg=="
    }
  }
}
