{
  "name": "11_install-my-NPM-Package",
  "lockfileVersion": 3,
  "requires": true,
  "packages": {
    "": {
      "dependencies": {
        "first-maths": "^1.0.1",
        "wcounterx": "^1.0.0"
      }
    },
    "node_modules/first-maths": {
      "version": "1.0.1",
      "resolved": "https://registry.npmjs.org/first-maths/-/first-maths-1.0.1.tgz",
      "integrity": "sha512-nN2TvZIOtKnsFWOPSeSIE2+0ph8GttV1wIwfG2o2Eoa/FRGyVurCw2oZR351ZvNZUwHn9LOfEaJZ1YztPeAPkg=="
    },
    "node_modules/wcounterx": {
      "version": "1.0.0",
      "resolved": "https://registry.npmjs.org/wcounterx/-/wcounterx-1.0.0.tgz",
      "integrity": "sha512-ydExuigd/H615qFY1Pvp0tTbP+vkgWUUMV+DaVwsCZPsmESc5g3O7K/TFjdKB+6+Dg4kVE5LQgEQmE/YAn3/rQ==",
      "bin": {
        "word-counter": "bin/index.js"
      }
    }
  }
}
